
Microsoft Visual Studio Solution File, Format Version 12.00
# Visual Studio Version 16
VisualStudioVersion = 16.0.31702.278
MinimumVisualStudioVersion = 10.0.40219.1
Project("{FAE04EC0-301F-11D3-BF4B-00C04F79EFBC}") = "Projekt", "Projekt.csproj", "{C3B547E2-6E30-4662-953C-EEC4678204D6}"
EndProject
Global
	GlobalSection(SolutionConfigurationPlatforms) = preSolution
		Debug|Any CPU = Debug|Any CPU
		Release|Any CPU = Release|Any CPU
	EndGlobalSection
	GlobalSection(ProjectConfigurationPlatforms) = postSolution
		{C3B547E2-6E30-4662-953C-EEC4678204D6}.Debug|Any CPU.ActiveCfg = Debug|Any CPU
		{C3B547E2-6E30-4662-953C-EEC4678204D6}.Debug|Any CPU.Build.0 = Debug|Any CPU
		{C3B547E2-6E30-4662-953C-EEC4678204D6}.Release|Any CPU.ActiveCfg = Release|Any CPU
		{C3B547E2-6E30-4662-953C-EEC4678204D6}.Release|Any CPU.Build.0 = Release|Any CPU
	EndGlobalSection
	GlobalSection(SolutionProperties) = preSolution
		HideSolutionNode = FALSE
	EndGlobalSection
	GlobalSection(ExtensibilityGlobals) = postSolution
		SolutionGuid = {A79CA871-2847-4087-8083-28A4634F503B}
	EndGlobalSection
EndGlobal
